
Microsoft Visual Studio Solution File, Format Version 12.00
# Visual Studio Version 17
VisualStudioVersion = 17.2.32602.215
MinimumVisualStudioVersion = 10.0.40219.1
Project("{FAE04EC0-301F-11D3-BF4B-00C04F79EFBC}") = "Sortorovki", "Sortorovki\Sortorovki.csproj", "{F13DCA79-C2D1-4634-A0BF-4953E37C6B27}"
EndProject
Project("{FAE04EC0-301F-11D3-BF4B-00C04F79EFBC}") = "ClassLibrary1", "ClassLibrary1\ClassLibrary1.csproj", "{E71B475C-FF8E-462F-A6D7-1B1B15B736E8}"
EndProject
Global
	GlobalSection(SolutionConfigurationPlatforms) = preSolution
		Debug|Any CPU = Debug|Any CPU
		Release|Any CPU = Release|Any CPU
	EndGlobalSection
	GlobalSection(ProjectConfigurationPlatforms) = postSolution
		{F13DCA79-C2D1-4634-A0BF-4953E37C6B27}.Debug|Any CPU.ActiveCfg = Debug|Any CPU
		{F13DCA79-C2D1-4634-A0BF-4953E37C6B27}.Debug|Any CPU.Build.0 = Debug|Any CPU
		{F13DCA79-C2D1-4634-A0BF-4953E37C6B27}.Release|Any CPU.ActiveCfg = Release|Any CPU
		{F13DCA79-C2D1-4634-A0BF-4953E37C6B27}.Release|Any CPU.Build.0 = Release|Any CPU
		{E71B475C-FF8E-462F-A6D7-1B1B15B736E8}.Debug|Any CPU.ActiveCfg = Debug|Any CPU
		{E71B475C-FF8E-462F-A6D7-1B1B15B736E8}.Debug|Any CPU.Build.0 = Debug|Any CPU
		{E71B475C-FF8E-462F-A6D7-1B1B15B736E8}.Release|Any CPU.ActiveCfg = Release|Any CPU
		{E71B475C-FF8E-462F-A6D7-1B1B15B736E8}.Release|Any CPU.Build.0 = Release|Any CPU
	EndGlobalSection
	GlobalSection(SolutionProperties) = preSolution
		HideSolutionNode = FALSE
	EndGlobalSection
	GlobalSection(ExtensibilityGlobals) = postSolution
		SolutionGuid = {3A511652-B03C-4D1D-9389-B9533E3B2EDF}
	EndGlobalSection
EndGlobal
